
Microsoft Visual Studio Solution File, Format Version 12.00
# Visual Studio 2015
Project("{FAE04EC0-301F-11D3-BF4B-00C04F79EFBC}") = "SimpleAStarPathfinding", "SimpleAStarPathfinding.csproj", "{49DDADF1-06E9-B456-6BB7-0FD2DB434001}"
EndProject
Project("{FAE04EC0-301F-11D3-BF4B-00C04F79EFBC}") = "SimpleAStarPathfinding.Editor", "SimpleAStarPathfinding.Editor.csproj", "{CA08784B-35E1-F604-3787-E365B05A960C}"
EndProject
Global
	GlobalSection(SolutionConfigurationPlatforms) = preSolution
		Debug|Any CPU = Debug|Any CPU
		Release|Any CPU = Release|Any CPU
	EndGlobalSection
	GlobalSection(ProjectConfigurationPlatforms) = postSolution
		{49DDADF1-06E9-B456-6BB7-0FD2DB434001}.Debug|Any CPU.ActiveCfg = Debug|Any CPU
		{49DDADF1-06E9-B456-6BB7-0FD2DB434001}.Debug|Any CPU.Build.0 = Debug|Any CPU
		{49DDADF1-06E9-B456-6BB7-0FD2DB434001}.Release|Any CPU.ActiveCfg = Release|Any CPU
		{49DDADF1-06E9-B456-6BB7-0FD2DB434001}.Release|Any CPU.Build.0 = Release|Any CPU
		{CA08784B-35E1-F604-3787-E365B05A960C}.Debug|Any CPU.ActiveCfg = Debug|Any CPU
		{CA08784B-35E1-F604-3787-E365B05A960C}.Debug|Any CPU.Build.0 = Debug|Any CPU
		{CA08784B-35E1-F604-3787-E365B05A960C}.Release|Any CPU.ActiveCfg = Release|Any CPU
		{CA08784B-35E1-F604-3787-E365B05A960C}.Release|Any CPU.Build.0 = Release|Any CPU
	EndGlobalSection
	GlobalSection(SolutionProperties) = preSolution
		HideSolutionNode = FALSE
	EndGlobalSection
EndGlobal
